{
  "meteor": {},
  "dependencies": {
    "basePackages": {
      "iron-router": {
        "version": "0.7.1"
      },
      "scss": {
        "version": "0.8.7"
      },
      "bourbon": {
        "version": "3.1.8.1"
      },
      "accounts-soundcloud": {
        "version": "0.1.2"
      },
      "bootstrap-3": {
        "version": "3.1.1-1"
      },
      "moment": {
        "version": "2.6.0"
      }
    },
    "packages": {
      "iron-router": {
        "git": "https://github.com/EventedMind/iron-router.git",
        "tag": "v0.7.1",
        "commit": "d1ffb3f06ea4c112132b030f2eb1a70b81675ecb"
      },
      "bourbon": {
        "git": "https://github.com/chicagogrooves/meteor-bourbon.git",
        "tag": "v3.1.8.1",
        "commit": "b55f0968fe7d4a2886898cd8e81394de066a3ae1"
      },
      "accounts-soundcloud": {
        "git": "https://github.com/sylvaingi/meteor-accounts-soundcloud.git",
        "tag": "v0.1.2",
        "commit": "962879b116bdb107752fc1381d0e840f802e00ca"
      },
      "bootstrap-3": {
        "git": "https://github.com/mangasocial/meteor-bootstrap-3.git",
        "tag": "v3.1.1-1",
        "commit": "63dd38968828bb8963636df93e9a1c45e2dfe67e"
      },
      "moment": {
        "git": "https://github.com/acreeger/meteor-moment.git",
        "tag": "v2.6.0",
        "commit": "26156df681750fd6e6ed77043eef32b6653ebbdf"
      },
      "blaze-layout": {
        "git": "https://github.com/EventedMind/blaze-layout.git",
        "tag": "v0.2.4",
        "commit": "b40e9b0612329288d75cf52ad14a7da64bb8618f"
      },
      "soundcloud": {
        "git": "https://github.com/sylvaingi/meteor-soundcloud.git",
        "tag": "v0.1.1",
        "commit": "7e152a1fa892d73d9ef41f070f6d112014283983"
      }
    }
  }
}
